
Microsoft Visual Studio Solution File, Format Version 12.00
# Visual Studio Version 17
VisualStudioVersion = 17.9.34701.34
MinimumVisualStudioVersion = 10.0.40219.1
Project("{FAE04EC0-301F-11D3-BF4B-00C04F79EFBC}") = "BookStore.API", "BookStore.API.csproj", "{D34AAFC9-0764-4024-9E22-C4A59EA88990}"
EndProject
Global
	GlobalSection(SolutionConfigurationPlatforms) = preSolution
		Debug|Any CPU = Debug|Any CPU
		Release|Any CPU = Release|Any CPU
	EndGlobalSection
	GlobalSection(ProjectConfigurationPlatforms) = postSolution
		{D34AAFC9-0764-4024-9E22-C4A59EA88990}.Debug|Any CPU.ActiveCfg = Debug|Any CPU
		{D34AAFC9-0764-4024-9E22-C4A59EA88990}.Debug|Any CPU.Build.0 = Debug|Any CPU
		{D34AAFC9-0764-4024-9E22-C4A59EA88990}.Release|Any CPU.ActiveCfg = Release|Any CPU
		{D34AAFC9-0764-4024-9E22-C4A59EA88990}.Release|Any CPU.Build.0 = Release|Any CPU
	EndGlobalSection
	GlobalSection(SolutionProperties) = preSolution
		HideSolutionNode = FALSE
	EndGlobalSection
	GlobalSection(ExtensibilityGlobals) = postSolution
		SolutionGuid = {4376E36E-8CE1-4361-AF6B-FB10B2C68B44}
	EndGlobalSection
EndGlobal
